// !$*UTF8*$!
{
	archiveVersion = 1;
	classes = {
	};
	objectVersion = 46;
	objects = {

/* Begin PBXBuildFile section */
		F9E6E6571E95AADF009EC50E /* AppDelegate.swift in Sources */ = {isa = PBXBuildFile; fileRef = F9E6E6561E95AADF009EC50E /* AppDelegate.swift */; };
		F9E6E6591E95AADF009EC50E /* GameScene.sks in Resources */ = {isa = PBXBuildFile; fileRef = F9E6E6581E95AADF009EC50E /* GameScene.sks */; };
		F9E6E65B1E95AADF009EC50E /* Actions.sks in Resources */ = {isa = PBXBuildFile; fileRef = F9E6E65A1E95AADF009EC50E /* Actions.sks */; };
		F9E6E65D1E95AADF009EC50E /* GameScene.swift in Sources */ = {isa = PBXBuildFile; fileRef = F9E6E65C1E95AADF009EC50E /* GameScene.swift */; };
		F9E6E65F1E95AADF009EC50E /* GameViewController.swift in Sources */ = {isa = PBXBuildFile; fileRef = F9E6E65E1E95AADF009EC50E /* GameViewController.swift */; };
		F9E6E6621E95AADF009EC50E /* Main.storyboard in Resources */ = {isa = PBXBuildFile; fileRef = F9E6E6601E95AADF009EC50E /* Main.storyboard */; };
		F9E6E6641E95AADF009EC50E /* Assets.xcassets in Resources */ = {isa = PBXBuildFile; fileRef = F9E6E6631E95AADF009EC50E /* Assets.xcassets */; };
		F9E6E6671E95AADF009EC50E /* LaunchScreen.storyboard in Resources */ = {isa = PBXBuildFile; fileRef = F9E6E6651E95AADF009EC50E /* LaunchScreen.storyboard */; };
		F9E6E6721E95AADF009EC50E /* ZombulatorTests.swift in Sources */ = {isa = PBXBuildFile; fileRef = F9E6E6711E95AADF009EC50E /* ZombulatorTests.swift */; };
/* End PBXBuildFile section */

/* Begin PBXContainerItemProxy section */
		F9E6E66E1E95AADF009EC50E /* PBXContainerItemProxy */ = {
			isa = PBXContainerItemProxy;
			containerPortal = F9E6E64B1E95AADF009EC50E /* Project object */;
			proxyType = 1;
			remoteGlobalIDString = F9E6E6521E95AADF009EC50E;
			remoteInfo = Zombulator;
		};
/* End PBXContainerItemProxy section */

/* Begin PBXFileReference section */
		F9E6E6531E95AADF009EC50E /* Zombulator.app */ = {isa = PBXFileReference; explicitFileType = wrapper.application; includeInIndex = 0; path = Zombulator.app; sourceTree = BUILT_PRODUCTS_DIR; };
		F9E6E6561E95AADF009EC50E /* AppDelegate.swift */ = {isa = PBXFileReference; lastKnownFileType = sourcecode.swift; path = AppDelegate.swift; sourceTree = "<group>"; };
		F9E6E6581E95AADF009EC50E /* GameScene.sks */ = {isa = PBXFileReference; lastKnownFileType = file.sks; path = GameScene.sks; sourceTree = "<group>"; };
		F9E6E65A1E95AADF009EC50E /* Actions.sks */ = {isa = PBXFileReference; lastKnownFileType = file.sks; path = Actions.sks; sourceTree = "<group>"; };
		F9E6E65C1E95AADF009EC50E /* GameScene.swift */ = {isa = PBXFileReference; lastKnownFileType = sourcecode.swift; path = GameScene.swift; sourceTree = "<group>"; };
		F9E6E65E1E95AADF009EC50E /* GameViewController.swift */ = {isa = PBXFileReference; lastKnownFileType = sourcecode.swift; path = GameViewController.swift; sourceTree = "<group>"; };
		F9E6E6611E95AADF009EC50E /* Base */ = {isa = PBXFileReference; lastKnownFileType = file.storyboard; name = Base; path = Base.lproj/Main.storyboard; sourceTree = "<group>"; };
		F9E6E6631E95AADF009EC50E /* Assets.xcassets */ = {isa = PBXFileReference; lastKnownFileType = folder.assetcatalog; path = Assets.xcassets; sourceTree = "<group>"; };
		F9E6E6661E95AADF009EC50E /* Base */ = {isa = PBXFileReference; lastKnownFileType = file.storyboard; name = Base; path = Base.lproj/LaunchScreen.storyboard; sourceTree = "<group>"; };
		F9E6E6681E95AADF009EC50E /* Info.plist */ = {isa = PBXFileReference; lastKnownFileType = text.plist.xml; path = Info.plist; sourceTree = "<group>"; };
		F9E6E66D1E95AADF009EC50E /* ZombulatorTests.xctest */ = {isa = PBXFileReference; explicitFileType = wrapper.cfbundle; includeInIndex = 0; path = ZombulatorTests.xctest; sourceTree = BUILT_PRODUCTS_DIR; };
		F9E6E6711E95AADF009EC50E /* ZombulatorTests.swift */ = {isa = PBXFileReference; lastKnownFileType = sourcecode.swift; path = ZombulatorTests.swift; sourceTree = "<group>"; };
		F9E6E6731E95AADF009EC50E /* Info.plist */ = {isa = PBXFileReference; lastKnownFileType = text.plist.xml; path = Info.plist; sourceTree = "<group>"; };
/* End PBXFileReference section */

/* Begin PBXFrameworksBuildPhase section */
		F9E6E6501E95AADF009EC50E /* Frameworks */ = {
			isa = PBXFrameworksBuildPhase;
			buildActionMask = 2147483647;
			files = (
			);
			runOnlyForDeploymentPostprocessing = 0;
		};
		F9E6E66A1E95AADF009EC50E /* Frameworks */ = {
			isa = PBXFrameworksBuildPhase;
			buildActionMask = 2147483647;
			files = (
			);
			runOnlyForDeploymentPostprocessing = 0;
		};
/* End PBXFrameworksBuildPhase section */

/* Begin PBXGroup section */
		F9E6E64A1E95AADF009EC50E = {
			isa = PBXGroup;
			children = (
				F9E6E6551E95AADF009EC50E /* Zombulator */,
				F9E6E6701E95AADF009EC50E /* ZombulatorTests */,
				F9E6E6541E95AADF009EC50E /* Products */,
			);
			sourceTree = "<group>";
		};
		F9E6E6541E95AADF009EC50E /* Products */ = {
			isa = PBXGroup;
			children = (
				F9E6E6531E95AADF009EC50E /* Zombulator.app */,
				F9E6E66D1E95AADF009EC50E /* ZombulatorTests.xctest */,
			);
			name = Products;
			sourceTree = "<group>";
		};
		F9E6E6551E95AADF009EC50E /* Zombulator */ = {
			isa = PBXGroup;
			children = (
				F9E6E6561E95AADF009EC50E /* AppDelegate.swift */,
				F9E6E6581E95AADF009EC50E /* GameScene.sks */,
				F9E6E65A1E95AADF009EC50E /* Actions.sks */,
				F9E6E65C1E95AADF009EC50E /* GameScene.swift */,
				F9E6E65E1E95AADF009EC50E /* GameViewController.swift */,
				F9E6E6601E95AADF009EC50E /* Main.storyboard */,
				F9E6E6631E95AADF009EC50E /* Assets.xcassets */,
				F9E6E6651E95AADF009EC50E /* LaunchScreen.storyboard */,
				F9E6E6681E95AADF009EC50E /* Info.plist */,
			);
			path = Zombulator;
			sourceTree = "<group>";
		};
		F9E6E6701E95AADF009EC50E /* ZombulatorTests */ = {
			isa = PBXGroup;
			children = (
				F9E6E6711E95AADF009EC50E /* ZombulatorTests.swift */,
				F9E6E6731E95AADF009EC50E /* Info.plist */,
			);
			path = ZombulatorTests;
			sourceTree = "<group>";
		};
/* End PBXGroup section */

/* Begin PBXNativeTarget section */
		F9E6E6521E95AADF009EC50E /* Zombulator */ = {
			isa = PBXNativeTarget;
			buildConfigurationList = F9E6E6761E95AADF009EC50E /* Build configuration list for PBXNativeTarget "Zombulator" */;
			buildPhases = (
				F9E6E64F1E95AADF009EC50E /* Sources */,
				F9E6E6501E95AADF009EC50E /* Frameworks */,
				F9E6E6511E95AADF009EC50E /* Resources */,
			);
			buildRules = (
			);
			dependencies = (
			);
			name = Zombulator;
			productName = Zombulator;
			productReference = F9E6E6531E95AADF009EC50E /* Zombulator.app */;
			productType = "com.apple.product-type.application";
		};
		F9E6E66C1E95AADF009EC50E /* ZombulatorTests */ = {
			isa = PBXNativeTarget;
			buildConfigurationList = F9E6E6791E95AADF009EC50E /* Build configuration list for PBXNativeTarget "ZombulatorTests" */;
			buildPhases = (
				F9E6E6691E95AADF009EC50E /* Sources */,
				F9E6E66A1E95AADF009EC50E /* Frameworks */,
				F9E6E66B1E95AADF009EC50E /* Resources */,
			);
			buildRules = (
			);
			dependencies = (
				F9E6E66F1E95AADF009EC50E /* PBXTargetDependency */,
			);
			name = ZombulatorTests;
			productName = ZombulatorTests;
			productReference = F9E6E66D1E95AADF009EC50E /* ZombulatorTests.xctest */;
			productType = "com.apple.product-type.bundle.unit-test";
		};
/* End PBXNativeTarget section */

/* Begin PBXProject section */
		F9E6E64B1E95AADF009EC50E /* Project object */ = {
			isa = PBXProject;
			attributes = {
				LastSwiftUpdateCheck = 0820;
				LastUpgradeCheck = 0820;
				ORGANIZATIONNAME = "Your School";
				TargetAttributes = {
					F9E6E6521E95AADF009EC50E = {
						CreatedOnToolsVersion = 8.2.1;
						ProvisioningStyle = Automatic;
					};
					F9E6E66C1E95AADF009EC50E = {
						CreatedOnToolsVersion = 8.2.1;
						ProvisioningStyle = Automatic;
						TestTargetID = F9E6E6521E95AADF009EC50E;
					};
				};
			};
			buildConfigurationList = F9E6E64E1E95AADF009EC50E /* Build configuration list for PBXProject "Zombulator" */;
			compatibilityVersion = "Xcode 3.2";
			developmentRegion = English;
			hasScannedForEncodings = 0;
			knownRegions = (
				en,
				Base,
			);
			mainGroup = F9E6E64A1E95AADF009EC50E;
			productRefGroup = F9E6E6541E95AADF009EC50E /* Products */;
			projectDirPath = "";
			projectRoot = "";
			targets = (
				F9E6E6521E95AADF009EC50E /* Zombulator */,
				F9E6E66C1E95AADF009EC50E /* ZombulatorTests */,
			);
		};
/* End PBXProject section */

/* Begin PBXResourcesBuildPhase section */
		F9E6E6511E95AADF009EC50E /* Resources */ = {
			isa = PBXResourcesBuildPhase;
			buildActionMask = 2147483647;
			files = (
				F9E6E6621E95AADF009EC50E /* Main.storyboard in Resources */,
				F9E6E6591E95AADF009EC50E /* GameScene.sks in Resources */,
				F9E6E6641E95AADF009EC50E /* Assets.xcassets in Resources */,
				F9E6E6671E95AADF009EC50E /* LaunchScreen.storyboard in Resources */,
				F9E6E65B1E95AADF009EC50E /* Actions.sks in Resources */,
			);
			runOnlyForDeploymentPostprocessing = 0;
		};
		F9E6E66B1E95AADF009EC50E /* Resources */ = {
			isa = PBXResourcesBuildPhase;
			buildActionMask = 2147483647;
			files = (
			);
			runOnlyForDeploymentPostprocessing = 0;
		};
/* End PBXResourcesBuildPhase section */

/* Begin PBXSourcesBuildPhase section */
		F9E6E64F1E95AADF009EC50E /* Sources */ = {
			isa = PBXSourcesBuildPhase;
			buildActionMask = 2147483647;
			files = (
				F9E6E65D1E95AADF009EC50E /* GameScene.swift in Sources */,
				F9E6E65F1E95AADF009EC50E /* GameViewController.swift in Sources */,
				F9E6E6571E95AADF009EC50E /* AppDelegate.swift in Sources */,
			);
			runOnlyForDeploymentPostprocessing = 0;
		};
		F9E6E6691E95AADF009EC50E /* Sources */ = {
			isa = PBXSourcesBuildPhase;
			buildActionMask = 2147483647;
			files = (
				F9E6E6721E95AADF009EC50E /* ZombulatorTests.swift in Sources */,
			);
			runOnlyForDeploymentPostprocessing = 0;
		};
/* End PBXSourcesBuildPhase section */

/* Begin PBXTargetDependency section */
		F9E6E66F1E95AADF009EC50E /* PBXTargetDependency */ = {
			isa = PBXTargetDependency;
			target = F9E6E6521E95AADF009EC50E /* Zombulator */;
			targetProxy = F9E6E66E1E95AADF009EC50E /* PBXContainerItemProxy */;
		};
/* End PBXTargetDependency section */

/* Begin PBXVariantGroup section */
		F9E6E6601E95AADF009EC50E /* Main.storyboard */ = {
			isa = PBXVariantGroup;
			children = (
				F9E6E6611E95AADF009EC50E /* Base */,
			);
			name = Main.storyboard;
			sourceTree = "<group>";
		};
		F9E6E6651E95AADF009EC50E /* LaunchScreen.storyboard */ = {
			isa = PBXVariantGroup;
			children = (
				F9E6E6661E95AADF009EC50E /* Base */,
			);
			name = LaunchScreen.storyboard;
			sourceTree = "<group>";
		};
/* End PBXVariantGroup section */

/* Begin XCBuildConfiguration section */
		F9E6E6741E95AADF009EC50E /* Debug */ = {
			isa = XCBuildConfiguration;
			buildSettings = {
				ALWAYS_SEARCH_USER_PATHS = NO;
				CLANG_ANALYZER_NONNULL = YES;
				CLANG_CXX_LANGUAGE_STANDARD = "gnu++0x";
				CLANG_CXX_LIBRARY = "libc++";
				CLANG_ENABLE_MODULES = YES;
				CLANG_ENABLE_OBJC_ARC = YES;
				CLANG_WARN_BOOL_CONVERSION = YES;
				CLANG_WARN_CONSTANT_CONVERSION = YES;
				CLANG_WARN_DIRECT_OBJC_ISA_USAGE = YES_ERROR;
				CLANG_WARN_DOCUMENTATION_COMMENTS = YES;
				CLANG_WARN_EMPTY_BODY = YES;
				CLANG_WARN_ENUM_CONVERSION = YES;
				CLANG_WARN_INFINITE_RECURSION = YES;
				CLANG_WARN_INT_CONVERSION = YES;
				CLANG_WARN_OBJC_ROOT_CLASS = YES_ERROR;
				CLANG_WARN_SUSPICIOUS_MOVE = YES;
				CLANG_WARN_UNREACHABLE_CODE = YES;
				CLANG_WARN__DUPLICATE_METHOD_MATCH = YES;
				"CODE_SIGN_IDENTITY[sdk=iphoneos*]" = "iPhone Developer";
				COPY_PHASE_STRIP = NO;
				DEBUG_INFORMATION_FORMAT = dwarf;
				ENABLE_STRICT_OBJC_MSGSEND = YES;
				ENABLE_TESTABILITY = YES;
				GCC_C_LANGUAGE_STANDARD = gnu99;
				GCC_DYNAMIC_NO_PIC = NO;
				GCC_NO_COMMON_BLOCKS = YES;
				GCC_OPTIMIZATION_LEVEL = 0;
				GCC_PREPROCESSOR_DEFINITIONS = (
					"DEBUG=1",
					"$(inherited)",
				);
				GCC_WARN_64_TO_32_BIT_CONVERSION = YES;
				GCC_WARN_ABOUT_RETURN_TYPE = YES_ERROR;
				GCC_WARN_UNDECLARED_SELECTOR = YES;
				GCC_WARN_UNINITIALIZED_AUTOS = YES_AGGRESSIVE;
				GCC_WARN_UNUSED_FUNCTION = YES;
				GCC_WARN_UNUSED_VARIABLE = YES;
				IPHONEOS_DEPLOYMENT_TARGET = 10.2;
				MTL_ENABLE_DEBUG_INFO = YES;
				ONLY_ACTIVE_ARCH = YES;
				SDKROOT = iphoneos;
				SWIFT_ACTIVE_COMPILATION_CONDITIONS = DEBUG;
				SWIFT_OPTIMIZATION_LEVEL = "-Onone";
				TARGETED_DEVICE_FAMILY = "1,2";
			};
			name = Debug;
		};
		F9E6E6751E95AADF009EC50E /* Release */ = {
			isa = XCBuildConfiguration;
			buildSettings = {
				ALWAYS_SEARCH_USER_PATHS = NO;
				CLANG_ANALYZER_NONNULL = YES;
				CLANG_CXX_LANGUAGE_STANDARD = "gnu++0x";
				CLANG_CXX_LIBRARY = "libc++";
				CLANG_ENABLE_MODULES = YES;
				CLANG_ENABLE_OBJC_ARC = YES;
				CLANG_WARN_BOOL_CONVERSION = YES;
				CLANG_WARN_CONSTANT_CONVERSION = YES;
				CLANG_WARN_DIRECT_OBJC_ISA_USAGE = YES_ERROR;
				CLANG_WARN_DOCUMENTATION_COMMENTS = YES;
				CLANG_WARN_EMPTY_BODY = YES;
				CLANG_WARN_ENUM_CONVERSION = YES;
				CLANG_WARN_INFINITE_RECURSION = YES;
				CLANG_WARN_INT_CONVERSION = YES;
				CLANG_WARN_OBJC_ROOT_CLASS = YES_ERROR;
				CLANG_WARN_SUSPICIOUS_MOVE = YES;
				CLANG_WARN_UNREACHABLE_CODE = YES;
				CLANG_WARN__DUPLICATE_METHOD_MATCH = YES;
				"CODE_SIGN_IDENTITY[sdk=iphoneos*]" = "iPhone Developer";
				COPY_PHASE_STRIP = NO;
				DEBUG_INFORMATION_FORMAT = "dwarf-with-dsym";
				ENABLE_NS_ASSERTIONS = NO;
				ENABLE_STRICT_OBJC_MSGSEND = YES;
				GCC_C_LANGUAGE_STANDARD = gnu99;
				GCC_NO_COMMON_BLOCKS = YES;
				GCC_WARN_64_TO_32_BIT_CONVERSION = YES;
				GCC_WARN_ABOUT_RETURN_TYPE = YES_ERROR;
				GCC_WARN_UNDECLARED_SELECTOR = YES;
				GCC_WARN_UNINITIALIZED_AUTOS = YES_AGGRESSIVE;
				GCC_WARN_UNUSED_FUNCTION = YES;
				GCC_WARN_UNUSED_VARIABLE = YES;
				IPHONEOS_DEPLOYMENT_TARGET = 10.2;
				MTL_ENABLE_DEBUG_INFO = NO;
				SDKROOT = iphoneos;
				SWIFT_OPTIMIZATION_LEVEL = "-Owholemodule";
				TARGETED_DEVICE_FAMILY = "1,2";
				VALIDATE_PRODUCT = YES;
			};
			name = Release;
		};
		F9E6E6771E95AADF009EC50E /* Debug */ = {
			isa = XCBuildConfiguration;
			buildSettings = {
				ASSETCATALOG_COMPILER_APPICON_NAME = AppIcon;
				INFOPLIST_FILE = Zombulator/Info.plist;
				IPHONEOS_DEPLOYMENT_TARGET = 10.2;
				LD_RUNPATH_SEARCH_PATHS = "$(inherited) @executable_path/Frameworks";
				PRODUCT_BUNDLE_IDENTIFIER = edu.yourschool.Zombulator;
				PRODUCT_NAME = "$(TARGET_NAME)";
				SWIFT_VERSION = 3.0;
			};
			name = Debug;
		};
		F9E6E6781E95AADF009EC50E /* Release */ = {
			isa = XCBuildConfiguration;
			buildSettings = {
				ASSETCATALOG_COMPILER_APPICON_NAME = AppIcon;
				INFOPLIST_FILE = Zombulator/Info.plist;
				IPHONEOS_DEPLOYMENT_TARGET = 10.2;
				LD_RUNPATH_SEARCH_PATHS = "$(inherited) @executable_path/Frameworks";
				PRODUCT_BUNDLE_IDENTIFIER = edu.yourschool.Zombulator;
				PRODUCT_NAME = "$(TARGET_NAME)";
				SWIFT_VERSION = 3.0;
			};
			name = Release;
		};
		F9E6E67A1E95AADF009EC50E /* Debug */ = {
			isa = XCBuildConfiguration;
			buildSettings = {
				ALWAYS_EMBED_SWIFT_STANDARD_LIBRARIES = YES;
				BUNDLE_LOADER = "$(TEST_HOST)";
				INFOPLIST_FILE = ZombulatorTests/Info.plist;
				LD_RUNPATH_SEARCH_PATHS = "$(inherited) @executable_path/Frameworks @loader_path/Frameworks";
				PRODUCT_BUNDLE_IDENTIFIER = edu.yourschool.ZombulatorTests;
				PRODUCT_NAME = "$(TARGET_NAME)";
				SWIFT_VERSION = 3.0;
				TEST_HOST = "$(BUILT_PRODUCTS_DIR)/Zombulator.app/Zombulator";
			};
			name = Debug;
		};
		F9E6E67B1E95AADF009EC50E /* Release */ = {
			isa = XCBuildConfiguration;
			buildSettings = {
				ALWAYS_EMBED_SWIFT_STANDARD_LIBRARIES = YES;
				BUNDLE_LOADER = "$(TEST_HOST)";
				INFOPLIST_FILE = ZombulatorTests/Info.plist;
				LD_RUNPATH_SEARCH_PATHS = "$(inherited) @executable_path/Frameworks @loader_path/Frameworks";
				PRODUCT_BUNDLE_IDENTIFIER = edu.yourschool.ZombulatorTests;
				PRODUCT_NAME = "$(TARGET_NAME)";
				SWIFT_VERSION = 3.0;
				TEST_HOST = "$(BUILT_PRODUCTS_DIR)/Zombulator.app/Zombulator";
			};
			name = Release;
		};
/* End XCBuildConfiguration section */

/* Begin XCConfigurationList section */
		F9E6E64E1E95AADF009EC50E /* Build configuration list for PBXProject "Zombulator" */ = {
			isa = XCConfigurationList;
			buildConfigurations = (
				F9E6E6741E95AADF009EC50E /* Debug */,
				F9E6E6751E95AADF009EC50E /* Release */,
			);
			defaultConfigurationIsVisible = 0;
			defaultConfigurationName = Release;
		};
		F9E6E6761E95AADF009EC50E /* Build configuration list for PBXNativeTarget "Zombulator" */ = {
			isa = XCConfigurationList;
			buildConfigurations = (
				F9E6E6771E95AADF009EC50E /* Debug */,
				F9E6E6781E95AADF009EC50E /* Release */,
			);
			defaultConfigurationIsVisible = 0;
		};
		F9E6E6791E95AADF009EC50E /* Build configuration list for PBXNativeTarget "ZombulatorTests" */ = {
			isa = XCConfigurationList;
			buildConfigurations = (
				F9E6E67A1E95AADF009EC50E /* Debug */,
				F9E6E67B1E95AADF009EC50E /* Release */,
			);
			defaultConfigurationIsVisible = 0;
		};
/* End XCConfigurationList section */
	};
	rootObject = F9E6E64B1E95AADF009EC50E /* Project object */;
}
